
Microsoft Visual Studio Solution File, Format Version 12.00
# Visual Studio Version 17
VisualStudioVersion = 17.7.34024.191
MinimumVisualStudioVersion = 10.0.40219.1
Project("{FAE04EC0-301F-11D3-BF4B-00C04F79EFBC}") = "ToolsHome.UWP", "ToolsHome\ToolsHome.UWP\ToolsHome.UWP.csproj", "{31F6238C-1A9E-4CD0-A112-AA7E21ACE843}"
EndProject
Project("{FAE04EC0-301F-11D3-BF4B-00C04F79EFBC}") = "ToolsHome.Android", "ToolsHome\ToolsHome.Android\ToolsHome.Android.csproj", "{D1821202-8513-4EA6-A27D-3FDE3F9EFFB6}"
EndProject
Project("{FAE04EC0-301F-11D3-BF4B-00C04F79EFBC}") = "ToolsHome.iOS", "ToolsHome\ToolsHome.iOS\ToolsHome.iOS.csproj", "{0BED793E-7D7B-4B49-8B53-E0048EDA3A55}"
EndProject
Project("{9A19103F-16F7-4668-BE54-9A1E7A4F7556}") = "ToolsHome", "ToolsHome\ToolsHome\ToolsHome.csproj", "{11DF4C16-16A3-47A6-BC72-D1A9D44D46BF}"
EndProject
Global
	GlobalSection(SolutionConfigurationPlatforms) = preSolution
		Debug|Any CPU = Debug|Any CPU
		Debug|ARM = Debug|ARM
		Debug|iPhone = Debug|iPhone
		Debug|iPhoneSimulator = Debug|iPhoneSimulator
		Debug|x64 = Debug|x64
		Debug|x86 = Debug|x86
		Release|Any CPU = Release|Any CPU
		Release|ARM = Release|ARM
		Release|iPhone = Release|iPhone
		Release|iPhoneSimulator = Release|iPhoneSimulator
		Release|x64 = Release|x64
		Release|x86 = Release|x86
	EndGlobalSection
	GlobalSection(ProjectConfigurationPlatforms) = postSolution
		{31F6238C-1A9E-4CD0-A112-AA7E21ACE843}.Debug|Any CPU.ActiveCfg = Debug|x64
		{31F6238C-1A9E-4CD0-A112-AA7E21ACE843}.Debug|Any CPU.Build.0 = Debug|x64
		{31F6238C-1A9E-4CD0-A112-AA7E21ACE843}.Debug|Any CPU.Deploy.0 = Debug|x64
		{31F6238C-1A9E-4CD0-A112-AA7E21ACE843}.Debug|ARM.ActiveCfg = Debug|ARM
		{31F6238C-1A9E-4CD0-A112-AA7E21ACE843}.Debug|ARM.Build.0 = Debug|ARM
		{31F6238C-1A9E-4CD0-A112-AA7E21ACE843}.Debug|ARM.Deploy.0 = Debug|ARM
		{31F6238C-1A9E-4CD0-A112-AA7E21ACE843}.Debug|iPhone.ActiveCfg = Debug|x64
		{31F6238C-1A9E-4CD0-A112-AA7E21ACE843}.Debug|iPhone.Build.0 = Debug|x64
		{31F6238C-1A9E-4CD0-A112-AA7E21ACE843}.Debug|iPhone.Deploy.0 = Debug|x64
		{31F6238C-1A9E-4CD0-A112-AA7E21ACE843}.Debug|iPhoneSimulator.ActiveCfg = Debug|x64
		{31F6238C-1A9E-4CD0-A112-AA7E21ACE843}.Debug|iPhoneSimulator.Build.0 = Debug|x64
		{31F6238C-1A9E-4CD0-A112-AA7E21ACE843}.Debug|iPhoneSimulator.Deploy.0 = Debug|x64
		{31F6238C-1A9E-4CD0-A112-AA7E21ACE843}.Debug|x64.ActiveCfg = Debug|x64
		{31F6238C-1A9E-4CD0-A112-AA7E21ACE843}.Debug|x64.Build.0 = Debug|x64
		{31F6238C-1A9E-4CD0-A112-AA7E21ACE843}.Debug|x64.Deploy.0 = Debug|x64
		{31F6238C-1A9E-4CD0-A112-AA7E21ACE843}.Debug|x86.ActiveCfg = Debug|x86
		{31F6238C-1A9E-4CD0-A112-AA7E21ACE843}.Debug|x86.Build.0 = Debug|x86
		{31F6238C-1A9E-4CD0-A112-AA7E21ACE843}.Debug|x86.Deploy.0 = Debug|x86
		{31F6238C-1A9E-4CD0-A112-AA7E21ACE843}.Release|Any CPU.ActiveCfg = Release|x64
		{31F6238C-1A9E-4CD0-A112-AA7E21ACE843}.Release|Any CPU.Build.0 = Release|x64
		{31F6238C-1A9E-4CD0-A112-AA7E21ACE843}.Release|Any CPU.Deploy.0 = Release|x64
		{31F6238C-1A9E-4CD0-A112-AA7E21ACE843}.Release|ARM.ActiveCfg = Release|ARM
		{31F6238C-1A9E-4CD0-A112-AA7E21ACE843}.Release|ARM.Build.0 = Release|ARM
		{31F6238C-1A9E-4CD0-A112-AA7E21ACE843}.Release|ARM.Deploy.0 = Release|ARM
		{31F6238C-1A9E-4CD0-A112-AA7E21ACE843}.Release|iPhone.ActiveCfg = Release|x64
		{31F6238C-1A9E-4CD0-A112-AA7E21ACE843}.Release|iPhone.Build.0 = Release|x64
		{31F6238C-1A9E-4CD0-A112-AA7E21ACE843}.Release|iPhone.Deploy.0 = Release|x64
		{31F6238C-1A9E-4CD0-A112-AA7E21ACE843}.Release|iPhoneSimulator.ActiveCfg = Release|x64
		{31F6238C-1A9E-4CD0-A112-AA7E21ACE843}.Release|iPhoneSimulator.Build.0 = Release|x64
		{31F6238C-1A9E-4CD0-A112-AA7E21ACE843}.Release|iPhoneSimulator.Deploy.0 = Release|x64
		{31F6238C-1A9E-4CD0-A112-AA7E21ACE843}.Release|x64.ActiveCfg = Release|x64
		{31F6238C-1A9E-4CD0-A112-AA7E21ACE843}.Release|x64.Build.0 = Release|x64
		{31F6238C-1A9E-4CD0-A112-AA7E21ACE843}.Release|x64.Deploy.0 = Release|x64
		{31F6238C-1A9E-4CD0-A112-AA7E21ACE843}.Release|x86.ActiveCfg = Release|x86
		{31F6238C-1A9E-4CD0-A112-AA7E21ACE843}.Release|x86.Build.0 = Release|x86
		{31F6238C-1A9E-4CD0-A112-AA7E21ACE843}.Release|x86.Deploy.0 = Release|x86
		{D1821202-8513-4EA6-A27D-3FDE3F9EFFB6}.Debug|Any CPU.ActiveCfg = Debug|Any CPU
		{D1821202-8513-4EA6-A27D-3FDE3F9EFFB6}.Debug|Any CPU.Build.0 = Debug|Any CPU
		{D1821202-8513-4EA6-A27D-3FDE3F9EFFB6}.Debug|Any CPU.Deploy.0 = Debug|Any CPU
		{D1821202-8513-4EA6-A27D-3FDE3F9EFFB6}.Debug|ARM.ActiveCfg = Debug|Any CPU
		{D1821202-8513-4EA6-A27D-3FDE3F9EFFB6}.Debug|ARM.Build.0 = Debug|Any CPU
		{D1821202-8513-4EA6-A27D-3FDE3F9EFFB6}.Debug|ARM.Deploy.0 = Debug|Any CPU
		{D1821202-8513-4EA6-A27D-3FDE3F9EFFB6}.Debug|iPhone.ActiveCfg = Debug|Any CPU
		{D1821202-8513-4EA6-A27D-3FDE3F9EFFB6}.Debug|iPhone.Build.0 = Debug|Any CPU
		{D1821202-8513-4EA6-A27D-3FDE3F9EFFB6}.Debug|iPhone.Deploy.0 = Debug|Any CPU
		{D1821202-8513-4EA6-A27D-3FDE3F9EFFB6}.Debug|iPhoneSimulator.ActiveCfg = Debug|Any CPU
		{D1821202-8513-4EA6-A27D-3FDE3F9EFFB6}.Debug|iPhoneSimulator.Build.0 = Debug|Any CPU
		{D1821202-8513-4EA6-A27D-3FDE3F9EFFB6}.Debug|iPhoneSimulator.Deploy.0 = Debug|Any CPU
		{D1821202-8513-4EA6-A27D-3FDE3F9EFFB6}.Debug|x64.ActiveCfg = Debug|Any CPU
		{D1821202-8513-4EA6-A27D-3FDE3F9EFFB6}.Debug|x64.Build.0 = Debug|Any CPU
		{D1821202-8513-4EA6-A27D-3FDE3F9EFFB6}.Debug|x64.Deploy.0 = Debug|Any CPU
		{D1821202-8513-4EA6-A27D-3FDE3F9EFFB6}.Debug|x86.ActiveCfg = Debug|Any CPU
		{D1821202-8513-4EA6-A27D-3FDE3F9EFFB6}.Debug|x86.Build.0 = Debug|Any CPU
		{D1821202-8513-4EA6-A27D-3FDE3F9EFFB6}.Debug|x86.Deploy.0 = Debug|Any CPU
		{D1821202-8513-4EA6-A27D-3FDE3F9EFFB6}.Release|Any CPU.ActiveCfg = Release|Any CPU
		{D1821202-8513-4EA6-A27D-3FDE3F9EFFB6}.Release|Any CPU.Build.0 = Release|Any CPU
		{D1821202-8513-4EA6-A27D-3FDE3F9EFFB6}.Release|Any CPU.Deploy.0 = Release|Any CPU
		{D1821202-8513-4EA6-A27D-3FDE3F9EFFB6}.Release|ARM.ActiveCfg = Release|Any CPU
		{D1821202-8513-4EA6-A27D-3FDE3F9EFFB6}.Release|ARM.Build.0 = Release|Any CPU
		{D1821202-8513-4EA6-A27D-3FDE3F9EFFB6}.Release|ARM.Deploy.0 = Release|Any CPU
		{D1821202-8513-4EA6-A27D-3FDE3F9EFFB6}.Release|iPhone.ActiveCfg = Release|Any CPU
		{D1821202-8513-4EA6-A27D-3FDE3F9EFFB6}.Release|iPhone.Build.0 = Release|Any CPU
		{D1821202-8513-4EA6-A27D-3FDE3F9EFFB6}.Release|iPhone.Deploy.0 = Release|Any CPU
		{D1821202-8513-4EA6-A27D-3FDE3F9EFFB6}.Release|iPhoneSimulator.ActiveCfg = Release|Any CPU
		{D1821202-8513-4EA6-A27D-3FDE3F9EFFB6}.Release|iPhoneSimulator.Build.0 = Release|Any CPU
		{D1821202-8513-4EA6-A27D-3FDE3F9EFFB6}.Release|iPhoneSimulator.Deploy.0 = Release|Any CPU
		{D1821202-8513-4EA6-A27D-3FDE3F9EFFB6}.Release|x64.ActiveCfg = Release|Any CPU
		{D1821202-8513-4EA6-A27D-3FDE3F9EFFB6}.Release|x64.Build.0 = Release|Any CPU
		{D1821202-8513-4EA6-A27D-3FDE3F9EFFB6}.Release|x64.Deploy.0 = Release|Any CPU
		{D1821202-8513-4EA6-A27D-3FDE3F9EFFB6}.Release|x86.ActiveCfg = Release|Any CPU
		{D1821202-8513-4EA6-A27D-3FDE3F9EFFB6}.Release|x86.Build.0 = Release|Any CPU
		{D1821202-8513-4EA6-A27D-3FDE3F9EFFB6}.Release|x86.Deploy.0 = Release|Any CPU
		{0BED793E-7D7B-4B49-8B53-E0048EDA3A55}.Debug|Any CPU.ActiveCfg = Debug|iPhoneSimulator
		{0BED793E-7D7B-4B49-8B53-E0048EDA3A55}.Debug|Any CPU.Build.0 = Debug|iPhoneSimulator
		{0BED793E-7D7B-4B49-8B53-E0048EDA3A55}.Debug|Any CPU.Deploy.0 = Debug|iPhoneSimulator
		{0BED793E-7D7B-4B49-8B53-E0048EDA3A55}.Debug|ARM.ActiveCfg = Debug|iPhoneSimulator
		{0BED793E-7D7B-4B49-8B53-E0048EDA3A55}.Debug|ARM.Build.0 = Debug|iPhoneSimulator
		{0BED793E-7D7B-4B49-8B53-E0048EDA3A55}.Debug|ARM.Deploy.0 = Debug|iPhoneSimulator
		{0BED793E-7D7B-4B49-8B53-E0048EDA3A55}.Debug|iPhone.ActiveCfg = Debug|iPhone
		{0BED793E-7D7B-4B49-8B53-E0048EDA3A55}.Debug|iPhone.Build.0 = Debug|iPhone
		{0BED793E-7D7B-4B49-8B53-E0048EDA3A55}.Debug|iPhone.Deploy.0 = Debug|iPhone
		{0BED793E-7D7B-4B49-8B53-E0048EDA3A55}.Debug|iPhoneSimulator.ActiveCfg = Debug|iPhoneSimulator
		{0BED793E-7D7B-4B49-8B53-E0048EDA3A55}.Debug|iPhoneSimulator.Build.0 = Debug|iPhoneSimulator
		{0BED793E-7D7B-4B49-8B53-E0048EDA3A55}.Debug|iPhoneSimulator.Deploy.0 = Debug|iPhoneSimulator
		{0BED793E-7D7B-4B49-8B53-E0048EDA3A55}.Debug|x64.ActiveCfg = Debug|iPhone
		{0BED793E-7D7B-4B49-8B53-E0048EDA3A55}.Debug|x64.Build.0 = Debug|iPhone
		{0BED793E-7D7B-4B49-8B53-E0048EDA3A55}.Debug|x64.Deploy.0 = Debug|iPhone
		{0BED793E-7D7B-4B49-8B53-E0048EDA3A55}.Debug|x86.ActiveCfg = Debug|iPhoneSimulator
		{0BED793E-7D7B-4B49-8B53-E0048EDA3A55}.Debug|x86.Build.0 = Debug|iPhoneSimulator
		{0BED793E-7D7B-4B49-8B53-E0048EDA3A55}.Debug|x86.Deploy.0 = Debug|iPhoneSimulator
		{0BED793E-7D7B-4B49-8B53-E0048EDA3A55}.Release|Any CPU.ActiveCfg = Release|iPhoneSimulator
		{0BED793E-7D7B-4B49-8B53-E0048EDA3A55}.Release|Any CPU.Build.0 = Release|iPhoneSimulator
		{0BED793E-7D7B-4B49-8B53-E0048EDA3A55}.Release|Any CPU.Deploy.0 = Release|iPhoneSimulator
		{0BED793E-7D7B-4B49-8B53-E0048EDA3A55}.Release|ARM.ActiveCfg = Release|iPhoneSimulator
		{0BED793E-7D7B-4B49-8B53-E0048EDA3A55}.Release|ARM.Build.0 = Release|iPhoneSimulator
		{0BED793E-7D7B-4B49-8B53-E0048EDA3A55}.Release|ARM.Deploy.0 = Release|iPhoneSimulator
		{0BED793E-7D7B-4B49-8B53-E0048EDA3A55}.Release|iPhone.ActiveCfg = Release|iPhone
		{0BED793E-7D7B-4B49-8B53-E0048EDA3A55}.Release|iPhone.Build.0 = Release|iPhone
		{0BED793E-7D7B-4B49-8B53-E0048EDA3A55}.Release|iPhone.Deploy.0 = Release|iPhone
		{0BED793E-7D7B-4B49-8B53-E0048EDA3A55}.Release|iPhoneSimulator.ActiveCfg = Release|iPhoneSimulator
		{0BED793E-7D7B-4B49-8B53-E0048EDA3A55}.Release|iPhoneSimulator.Build.0 = Release|iPhoneSimulator
		{0BED793E-7D7B-4B49-8B53-E0048EDA3A55}.Release|iPhoneSimulator.Deploy.0 = Release|iPhoneSimulator
		{0BED793E-7D7B-4B49-8B53-E0048EDA3A55}.Release|x64.ActiveCfg = Release|iPhoneSimulator
		{0BED793E-7D7B-4B49-8B53-E0048EDA3A55}.Release|x64.Build.0 = Release|iPhoneSimulator
		{0BED793E-7D7B-4B49-8B53-E0048EDA3A55}.Release|x64.Deploy.0 = Release|iPhoneSimulator
		{0BED793E-7D7B-4B49-8B53-E0048EDA3A55}.Release|x86.ActiveCfg = Release|iPhoneSimulator
		{0BED793E-7D7B-4B49-8B53-E0048EDA3A55}.Release|x86.Build.0 = Release|iPhoneSimulator
		{0BED793E-7D7B-4B49-8B53-E0048EDA3A55}.Release|x86.Deploy.0 = Release|iPhoneSimulator
		{11DF4C16-16A3-47A6-BC72-D1A9D44D46BF}.Debug|Any CPU.ActiveCfg = Debug|Any CPU
		{11DF4C16-16A3-47A6-BC72-D1A9D44D46BF}.Debug|Any CPU.Build.0 = Debug|Any CPU
		{11DF4C16-16A3-47A6-BC72-D1A9D44D46BF}.Debug|Any CPU.Deploy.0 = Debug|Any CPU
		{11DF4C16-16A3-47A6-BC72-D1A9D44D46BF}.Debug|ARM.ActiveCfg = Debug|Any CPU
		{11DF4C16-16A3-47A6-BC72-D1A9D44D46BF}.Debug|ARM.Build.0 = Debug|Any CPU
		{11DF4C16-16A3-47A6-BC72-D1A9D44D46BF}.Debug|ARM.Deploy.0 = Debug|Any CPU
		{11DF4C16-16A3-47A6-BC72-D1A9D44D46BF}.Debug|iPhone.ActiveCfg = Debug|Any CPU
		{11DF4C16-16A3-47A6-BC72-D1A9D44D46BF}.Debug|iPhone.Build.0 = Debug|Any CPU
		{11DF4C16-16A3-47A6-BC72-D1A9D44D46BF}.Debug|iPhone.Deploy.0 = Debug|Any CPU
		{11DF4C16-16A3-47A6-BC72-D1A9D44D46BF}.Debug|iPhoneSimulator.ActiveCfg = Debug|Any CPU
		{11DF4C16-16A3-47A6-BC72-D1A9D44D46BF}.Debug|iPhoneSimulator.Build.0 = Debug|Any CPU
		{11DF4C16-16A3-47A6-BC72-D1A9D44D46BF}.Debug|iPhoneSimulator.Deploy.0 = Debug|Any CPU
		{11DF4C16-16A3-47A6-BC72-D1A9D44D46BF}.Debug|x64.ActiveCfg = Debug|Any CPU
		{11DF4C16-16A3-47A6-BC72-D1A9D44D46BF}.Debug|x64.Build.0 = Debug|Any CPU
		{11DF4C16-16A3-47A6-BC72-D1A9D44D46BF}.Debug|x64.Deploy.0 = Debug|Any CPU
		{11DF4C16-16A3-47A6-BC72-D1A9D44D46BF}.Debug|x86.ActiveCfg = Debug|Any CPU
		{11DF4C16-16A3-47A6-BC72-D1A9D44D46BF}.Debug|x86.Build.0 = Debug|Any CPU
		{11DF4C16-16A3-47A6-BC72-D1A9D44D46BF}.Debug|x86.Deploy.0 = Debug|Any CPU
		{11DF4C16-16A3-47A6-BC72-D1A9D44D46BF}.Release|Any CPU.ActiveCfg = Release|Any CPU
		{11DF4C16-16A3-47A6-BC72-D1A9D44D46BF}.Release|Any CPU.Build.0 = Release|Any CPU
		{11DF4C16-16A3-47A6-BC72-D1A9D44D46BF}.Release|Any CPU.Deploy.0 = Release|Any CPU
		{11DF4C16-16A3-47A6-BC72-D1A9D44D46BF}.Release|ARM.ActiveCfg = Release|Any CPU
		{11DF4C16-16A3-47A6-BC72-D1A9D44D46BF}.Release|ARM.Build.0 = Release|Any CPU
		{11DF4C16-16A3-47A6-BC72-D1A9D44D46BF}.Release|ARM.Deploy.0 = Release|Any CPU
		{11DF4C16-16A3-47A6-BC72-D1A9D44D46BF}.Release|iPhone.ActiveCfg = Release|Any CPU
		{11DF4C16-16A3-47A6-BC72-D1A9D44D46BF}.Release|iPhone.Build.0 = Release|Any CPU
		{11DF4C16-16A3-47A6-BC72-D1A9D44D46BF}.Release|iPhone.Deploy.0 = Release|Any CPU
		{11DF4C16-16A3-47A6-BC72-D1A9D44D46BF}.Release|iPhoneSimulator.ActiveCfg = Release|Any CPU
		{11DF4C16-16A3-47A6-BC72-D1A9D44D46BF}.Release|iPhoneSimulator.Build.0 = Release|Any CPU
		{11DF4C16-16A3-47A6-BC72-D1A9D44D46BF}.Release|iPhoneSimulator.Deploy.0 = Release|Any CPU
		{11DF4C16-16A3-47A6-BC72-D1A9D44D46BF}.Release|x64.ActiveCfg = Release|Any CPU
		{11DF4C16-16A3-47A6-BC72-D1A9D44D46BF}.Release|x64.Build.0 = Release|Any CPU
		{11DF4C16-16A3-47A6-BC72-D1A9D44D46BF}.Release|x64.Deploy.0 = Release|Any CPU
		{11DF4C16-16A3-47A6-BC72-D1A9D44D46BF}.Release|x86.ActiveCfg = Release|Any CPU
		{11DF4C16-16A3-47A6-BC72-D1A9D44D46BF}.Release|x86.Build.0 = Release|Any CPU
		{11DF4C16-16A3-47A6-BC72-D1A9D44D46BF}.Release|x86.Deploy.0 = Release|Any CPU
	EndGlobalSection
	GlobalSection(SolutionProperties) = preSolution
		HideSolutionNode = FALSE
	EndGlobalSection
	GlobalSection(ExtensibilityGlobals) = postSolution
		SolutionGuid = {4A285A4A-3C05-48B5-B95F-EDB275A6BA48}
	EndGlobalSection
EndGlobal
